// !$*UTF8*$!
{
	archiveVersion = 1;
	classes = {
	};
	objectVersion = 46;
	objects = {

/* Begin PBXBuildFile section */
		0343F2D514E886F400B292E9 /* BMATrailDescriptorWebClient.m in Sources */ = {isa = PBXBuildFile; fileRef = 0343F2D414E886F400B292E9 /* BMATrailDescriptorWebClient.m */; };
		0343F2DC14E8988A00B292E9 /* BMAConditionsDescriptorWebClient.m in Sources */ = {isa = PBXBuildFile; fileRef = 0343F2DB14E8988900B292E9 /* BMAConditionsDescriptorWebClient.m */; };
		0343F2E214E8BA1300B292E9 /* BMAEventDescriptor.m in Sources */ = {isa = PBXBuildFile; fileRef = 0343F2E114E8BA1300B292E9 /* BMAEventDescriptor.m */; };
		0343F2E514E8BD6800B292E9 /* BMAEventsDescriptorWebClient.m in Sources */ = {isa = PBXBuildFile; fileRef = 0343F2E414E8BD6800B292E9 /* BMAEventsDescriptorWebClient.m */; };
		0347C6C014E2321D001ECC2B /* BMATrailsDescriptorWebClient.m in Sources */ = {isa = PBXBuildFile; fileRef = 0347C6BF14E2321D001ECC2B /* BMATrailsDescriptorWebClient.m */; };
		0351099414B212F600487B8B /* JSONKit.m in Sources */ = {isa = PBXBuildFile; fileRef = 0351099314B212F600487B8B /* JSONKit.m */; };
		0356470D14A1065100208A47 /* SystemConfiguration.framework in Frameworks */ = {isa = PBXBuildFile; fileRef = 0356470C14A1065100208A47 /* SystemConfiguration.framework */; };
		0356471014A106DA00208A47 /* BMANetworkUtilities.m in Sources */ = {isa = PBXBuildFile; fileRef = 0356470F14A106DA00208A47 /* BMANetworkUtilities.m */; };
		0356471314A108E500208A47 /* BMAWebClient.m in Sources */ = {isa = PBXBuildFile; fileRef = 0356471214A108E500208A47 /* BMAWebClient.m */; };
		035D946B14DF525E00C937E1 /* BMAAreaDescriptorWebClient.m in Sources */ = {isa = PBXBuildFile; fileRef = 035D946A14DF525E00C937E1 /* BMAAreaDescriptorWebClient.m */; };
		0370D8A014DBA27800B8C37C /* BMAAreaDescriptorsWebClient.m in Sources */ = {isa = PBXBuildFile; fileRef = 0370D89F14DBA27800B8C37C /* BMAAreaDescriptorsWebClient.m */; };
		2F2D148714EE007A00E982C5 /* TrailDetailViewController.m in Sources */ = {isa = PBXBuildFile; fileRef = 2F2D148614EE007A00E982C5 /* TrailDetailViewController.m */; };
		2F2D148A14EE9D4D00E982C5 /* BMAController.m in Sources */ = {isa = PBXBuildFile; fileRef = 2F2D148914EE9D4C00E982C5 /* BMAController.m */; };
		2F2D149914EEA9A700E982C5 /* CollectionUtils.m in Sources */ = {isa = PBXBuildFile; fileRef = 2F2D148D14EEA9A700E982C5 /* CollectionUtils.m */; };
		2F2D149A14EEA9A700E982C5 /* CoreDataUtils.m in Sources */ = {isa = PBXBuildFile; fileRef = 2F2D149014EEA9A700E982C5 /* CoreDataUtils.m */; };
		2F2D149B14EEA9A700E982C5 /* FetchedResults.m in Sources */ = {isa = PBXBuildFile; fileRef = 2F2D149214EEA9A700E982C5 /* FetchedResults.m */; };
		2F2D149C14EEA9A700E982C5 /* FetchedResultsTableDataSource.m in Sources */ = {isa = PBXBuildFile; fileRef = 2F2D149414EEA9A700E982C5 /* FetchedResultsTableDataSource.m */; };
		2F2D149D14EEA9A700E982C5 /* NSObject+Utils.m in Sources */ = {isa = PBXBuildFile; fileRef = 2F2D149614EEA9A700E982C5 /* NSObject+Utils.m */; };
		2F2D149E14EEA9A700E982C5 /* NSString+Utils.m in Sources */ = {isa = PBXBuildFile; fileRef = 2F2D149814EEA9A700E982C5 /* NSString+Utils.m */; };
		2F2D14A814EEAC9100E982C5 /* README.org in Resources */ = {isa = PBXBuildFile; fileRef = 2F2D14A714EEAC9100E982C5 /* README.org */; };
		2F2D14AA14EEB0FC00E982C5 /* README in Resources */ = {isa = PBXBuildFile; fileRef = 2F2D14A914EEB0FC00E982C5 /* README */; };
		2FE0F94D14F2DDF900278833 /* Area.m in Sources */ = {isa = PBXBuildFile; fileRef = 2FE0F94C14F2DDF900278833 /* Area.m */; };
		2FE0F95014F2DDF900278833 /* Trail.m in Sources */ = {isa = PBXBuildFile; fileRef = 2FE0F94F14F2DDF900278833 /* Trail.m */; };
		2FE0F95714FD96C200278833 /* rating_dots_0.png in Resources */ = {isa = PBXBuildFile; fileRef = 2FE0F95114FD96C200278833 /* rating_dots_0.png */; };
		2FE0F95814FD96C200278833 /* rating_dots_1.png in Resources */ = {isa = PBXBuildFile; fileRef = 2FE0F95214FD96C200278833 /* rating_dots_1.png */; };
		2FE0F95914FD96C200278833 /* rating_dots_2.png in Resources */ = {isa = PBXBuildFile; fileRef = 2FE0F95314FD96C200278833 /* rating_dots_2.png */; };
		2FE0F95A14FD96C200278833 /* rating_dots_3.png in Resources */ = {isa = PBXBuildFile; fileRef = 2FE0F95414FD96C200278833 /* rating_dots_3.png */; };
		2FE0F95B14FD96C200278833 /* rating_dots_4.png in Resources */ = {isa = PBXBuildFile; fileRef = 2FE0F95514FD96C200278833 /* rating_dots_4.png */; };
		2FE0F95C14FD96C200278833 /* rating_dots_5.png in Resources */ = {isa = PBXBuildFile; fileRef = 2FE0F95614FD96C200278833 /* rating_dots_5.png */; };
		2FF002A01493E23400BF3668 /* UIKit.framework in Frameworks */ = {isa = PBXBuildFile; fileRef = 2FF0029F1493E23400BF3668 /* UIKit.framework */; };
		2FF002A21493E23400BF3668 /* Foundation.framework in Frameworks */ = {isa = PBXBuildFile; fileRef = 2FF002A11493E23400BF3668 /* Foundation.framework */; };
		2FF002A41493E23400BF3668 /* CoreGraphics.framework in Frameworks */ = {isa = PBXBuildFile; fileRef = 2FF002A31493E23400BF3668 /* CoreGraphics.framework */; };
		2FF002AA1493E23400BF3668 /* InfoPlist.strings in Resources */ = {isa = PBXBuildFile; fileRef = 2FF002A81493E23400BF3668 /* InfoPlist.strings */; };
		2FF002AC1493E23400BF3668 /* main.m in Sources */ = {isa = PBXBuildFile; fileRef = 2FF002AB1493E23400BF3668 /* main.m */; };
		2FF002B01493E23400BF3668 /* AppDelegate.m in Sources */ = {isa = PBXBuildFile; fileRef = 2FF002AF1493E23400BF3668 /* AppDelegate.m */; };
		2FF002CC1493E23500BF3668 /* SenTestingKit.framework in Frameworks */ = {isa = PBXBuildFile; fileRef = 2FF002CB1493E23500BF3668 /* SenTestingKit.framework */; };
		2FF002CD1493E23500BF3668 /* UIKit.framework in Frameworks */ = {isa = PBXBuildFile; fileRef = 2FF0029F1493E23400BF3668 /* UIKit.framework */; };
		2FF002CE1493E23500BF3668 /* Foundation.framework in Frameworks */ = {isa = PBXBuildFile; fileRef = 2FF002A11493E23400BF3668 /* Foundation.framework */; };
		2FF002D61493E23500BF3668 /* InfoPlist.strings in Resources */ = {isa = PBXBuildFile; fileRef = 2FF002D41493E23500BF3668 /* InfoPlist.strings */; };
		2FF002D91493E23500BF3668 /* SmartTrailTests.m in Sources */ = {isa = PBXBuildFile; fileRef = 2FF002D81493E23500BF3668 /* SmartTrailTests.m */; };
		2FF09D9E14EAF8F70050552B /* SmartTrail.xcdatamodeld in Sources */ = {isa = PBXBuildFile; fileRef = 2FF09D9C14EAF8F70050552B /* SmartTrail.xcdatamodeld */; };
		2FF09DB814EB197C0050552B /* CoreData.framework in Frameworks */ = {isa = PBXBuildFile; fileRef = 2FF09DB714EB197C0050552B /* CoreData.framework */; };
		2FF09DBA14EC15F10050552B /* MainStoryboard_iPhone.storyboard in Resources */ = {isa = PBXBuildFile; fileRef = 2FF09DB914EC15F00050552B /* MainStoryboard_iPhone.storyboard */; };
		2FF09DBC14EC196C0050552B /* trail_icon_normal.png in Resources */ = {isa = PBXBuildFile; fileRef = 2FF09DBB14EC196B0050552B /* trail_icon_normal.png */; };
		2FF09DBE14EC197E0050552B /* trail_icon_pressed.png in Resources */ = {isa = PBXBuildFile; fileRef = 2FF09DBD14EC197E0050552B /* trail_icon_pressed.png */; };
		2FF09E7814EC3DCA0050552B /* TrailsTableViewController.m in Sources */ = {isa = PBXBuildFile; fileRef = 2FF09E7714EC3DCA0050552B /* TrailsTableViewController.m */; };
/* End PBXBuildFile section */

/* Begin PBXContainerItemProxy section */
		2FF002CF1493E23500BF3668 /* PBXContainerItemProxy */ = {
			isa = PBXContainerItemProxy;
			containerPortal = 2FF002921493E23400BF3668 /* Project object */;
			proxyType = 1;
			remoteGlobalIDString = 2FF0029A1493E23400BF3668;
			remoteInfo = SmartTrail;
		};
/* End PBXContainerItemProxy section */

/* Begin PBXFileReference section */
		0343F2D314E886F400B292E9 /* BMATrailDescriptorWebClient.h */ = {isa = PBXFileReference; fileEncoding = 4; lastKnownFileType = sourcecode.c.h; path = BMATrailDescriptorWebClient.h; sourceTree = "<group>"; };
		0343F2D414E886F400B292E9 /* BMATrailDescriptorWebClient.m */ = {isa = PBXFileReference; fileEncoding = 4; lastKnownFileType = sourcecode.c.objc; path = BMATrailDescriptorWebClient.m; sourceTree = "<group>"; };
		0343F2DA14E8988900B292E9 /* BMAConditionsDescriptorWebClient.h */ = {isa = PBXFileReference; fileEncoding = 4; lastKnownFileType = sourcecode.c.h; path = BMAConditionsDescriptorWebClient.h; sourceTree = "<group>"; };
		0343F2DB14E8988900B292E9 /* BMAConditionsDescriptorWebClient.m */ = {isa = PBXFileReference; fileEncoding = 4; lastKnownFileType = sourcecode.c.objc; path = BMAConditionsDescriptorWebClient.m; sourceTree = "<group>"; };
		0343F2E014E8BA1200B292E9 /* BMAEventDescriptor.h */ = {isa = PBXFileReference; fileEncoding = 4; lastKnownFileType = sourcecode.c.h; path = BMAEventDescriptor.h; sourceTree = "<group>"; };
		0343F2E114E8BA1300B292E9 /* BMAEventDescriptor.m */ = {isa = PBXFileReference; fileEncoding = 4; lastKnownFileType = sourcecode.c.objc; path = BMAEventDescriptor.m; sourceTree = "<group>"; };
		0343F2E314E8BD6700B292E9 /* BMAEventsDescriptorWebClient.h */ = {isa = PBXFileReference; fileEncoding = 4; lastKnownFileType = sourcecode.c.h; path = BMAEventsDescriptorWebClient.h; sourceTree = "<group>"; };
		0343F2E414E8BD6800B292E9 /* BMAEventsDescriptorWebClient.m */ = {isa = PBXFileReference; fileEncoding = 4; lastKnownFileType = sourcecode.c.objc; path = BMAEventsDescriptorWebClient.m; sourceTree = "<group>"; };
		0347C6BE14E2321D001ECC2B /* BMATrailsDescriptorWebClient.h */ = {isa = PBXFileReference; fileEncoding = 4; lastKnownFileType = sourcecode.c.h; path = BMATrailsDescriptorWebClient.h; sourceTree = "<group>"; };
		0347C6BF14E2321D001ECC2B /* BMATrailsDescriptorWebClient.m */ = {isa = PBXFileReference; fileEncoding = 4; lastKnownFileType = sourcecode.c.objc; path = BMATrailsDescriptorWebClient.m; sourceTree = "<group>"; };
		0351099214B212F600487B8B /* JSONKit.h */ = {isa = PBXFileReference; fileEncoding = 4; lastKnownFileType = sourcecode.c.h; name = JSONKit.h; path = SmartTrail/JSONKit.h; sourceTree = "<group>"; };
		0351099314B212F600487B8B /* JSONKit.m */ = {isa = PBXFileReference; fileEncoding = 4; lastKnownFileType = sourcecode.c.objc; name = JSONKit.m; path = SmartTrail/JSONKit.m; sourceTree = "<group>"; };
		0356470C14A1065100208A47 /* SystemConfiguration.framework */ = {isa = PBXFileReference; lastKnownFileType = wrapper.framework; name = SystemConfiguration.framework; path = System/Library/Frameworks/SystemConfiguration.framework; sourceTree = SDKROOT; };
		0356470E14A106DA00208A47 /* BMANetworkUtilities.h */ = {isa = PBXFileReference; fileEncoding = 4; lastKnownFileType = sourcecode.c.h; path = BMANetworkUtilities.h; sourceTree = "<group>"; };
		0356470F14A106DA00208A47 /* BMANetworkUtilities.m */ = {isa = PBXFileReference; fileEncoding = 4; lastKnownFileType = sourcecode.c.objc; path = BMANetworkUtilities.m; sourceTree = "<group>"; };
		0356471114A108E500208A47 /* BMAWebClient.h */ = {isa = PBXFileReference; fileEncoding = 4; lastKnownFileType = sourcecode.c.h; path = BMAWebClient.h; sourceTree = "<group>"; };
		0356471214A108E500208A47 /* BMAWebClient.m */ = {isa = PBXFileReference; fileEncoding = 4; lastKnownFileType = sourcecode.c.objc; path = BMAWebClient.m; sourceTree = "<group>"; };
		035D946914DF525E00C937E1 /* BMAAreaDescriptorWebClient.h */ = {isa = PBXFileReference; fileEncoding = 4; lastKnownFileType = sourcecode.c.h; path = BMAAreaDescriptorWebClient.h; sourceTree = "<group>"; };
		035D946A14DF525E00C937E1 /* BMAAreaDescriptorWebClient.m */ = {isa = PBXFileReference; fileEncoding = 4; lastKnownFileType = sourcecode.c.objc; path = BMAAreaDescriptorWebClient.m; sourceTree = "<group>"; };
		0370D89E14DBA27800B8C37C /* BMAAreaDescriptorsWebClient.h */ = {isa = PBXFileReference; fileEncoding = 4; lastKnownFileType = sourcecode.c.h; path = BMAAreaDescriptorsWebClient.h; sourceTree = "<group>"; };
		0370D89F14DBA27800B8C37C /* BMAAreaDescriptorsWebClient.m */ = {isa = PBXFileReference; fileEncoding = 4; lastKnownFileType = sourcecode.c.objc; path = BMAAreaDescriptorsWebClient.m; sourceTree = "<group>"; };
		2F2D148514EE007900E982C5 /* TrailDetailViewController.h */ = {isa = PBXFileReference; fileEncoding = 4; lastKnownFileType = sourcecode.c.h; path = TrailDetailViewController.h; sourceTree = "<group>"; };
		2F2D148614EE007A00E982C5 /* TrailDetailViewController.m */ = {isa = PBXFileReference; fileEncoding = 4; lastKnownFileType = sourcecode.c.objc; path = TrailDetailViewController.m; sourceTree = "<group>"; };
		2F2D148814EE9D4C00E982C5 /* BMAController.h */ = {isa = PBXFileReference; fileEncoding = 4; lastKnownFileType = sourcecode.c.h; path = BMAController.h; sourceTree = "<group>"; };
		2F2D148914EE9D4C00E982C5 /* BMAController.m */ = {isa = PBXFileReference; fileEncoding = 4; lastKnownFileType = sourcecode.c.objc; path = BMAController.m; sourceTree = "<group>"; };
		2F2D148C14EEA9A700E982C5 /* CollectionUtils.h */ = {isa = PBXFileReference; fileEncoding = 4; lastKnownFileType = sourcecode.c.h; path = CollectionUtils.h; sourceTree = "<group>"; };
		2F2D148D14EEA9A700E982C5 /* CollectionUtils.m */ = {isa = PBXFileReference; fileEncoding = 4; lastKnownFileType = sourcecode.c.objc; path = CollectionUtils.m; sourceTree = "<group>"; };
		2F2D148E14EEA9A700E982C5 /* CoreDataProvisions.h */ = {isa = PBXFileReference; fileEncoding = 4; lastKnownFileType = sourcecode.c.h; path = CoreDataProvisions.h; sourceTree = "<group>"; };
		2F2D148F14EEA9A700E982C5 /* CoreDataUtils.h */ = {isa = PBXFileReference; fileEncoding = 4; lastKnownFileType = sourcecode.c.h; path = CoreDataUtils.h; sourceTree = "<group>"; };
		2F2D149014EEA9A700E982C5 /* CoreDataUtils.m */ = {isa = PBXFileReference; fileEncoding = 4; lastKnownFileType = sourcecode.c.objc; path = CoreDataUtils.m; sourceTree = "<group>"; };
		2F2D149114EEA9A700E982C5 /* FetchedResults.h */ = {isa = PBXFileReference; fileEncoding = 4; lastKnownFileType = sourcecode.c.h; path = FetchedResults.h; sourceTree = "<group>"; };
		2F2D149214EEA9A700E982C5 /* FetchedResults.m */ = {isa = PBXFileReference; fileEncoding = 4; lastKnownFileType = sourcecode.c.objc; path = FetchedResults.m; sourceTree = "<group>"; };
		2F2D149314EEA9A700E982C5 /* FetchedResultsTableDataSource.h */ = {isa = PBXFileReference; fileEncoding = 4; lastKnownFileType = sourcecode.c.h; path = FetchedResultsTableDataSource.h; sourceTree = "<group>"; };
		2F2D149414EEA9A700E982C5 /* FetchedResultsTableDataSource.m */ = {isa = PBXFileReference; fileEncoding = 4; lastKnownFileType = sourcecode.c.objc; path = FetchedResultsTableDataSource.m; sourceTree = "<group>"; };
		2F2D149514EEA9A700E982C5 /* NSObject+Utils.h */ = {isa = PBXFileReference; fileEncoding = 4; lastKnownFileType = sourcecode.c.h; path = "NSObject+Utils.h"; sourceTree = "<group>"; };
		2F2D149614EEA9A700E982C5 /* NSObject+Utils.m */ = {isa = PBXFileReference; fileEncoding = 4; lastKnownFileType = sourcecode.c.objc; path = "NSObject+Utils.m"; sourceTree = "<group>"; };
		2F2D149714EEA9A700E982C5 /* NSString+Utils.h */ = {isa = PBXFileReference; fileEncoding = 4; lastKnownFileType = sourcecode.c.h; path = "NSString+Utils.h"; sourceTree = "<group>"; };
		2F2D149814EEA9A700E982C5 /* NSString+Utils.m */ = {isa = PBXFileReference; fileEncoding = 4; lastKnownFileType = sourcecode.c.objc; path = "NSString+Utils.m"; sourceTree = "<group>"; };
		2F2D14A714EEAC9100E982C5 /* README.org */ = {isa = PBXFileReference; fileEncoding = 4; lastKnownFileType = text; path = README.org; sourceTree = "<group>"; };
		2F2D14A914EEB0FC00E982C5 /* README */ = {isa = PBXFileReference; fileEncoding = 4; lastKnownFileType = text; path = README; sourceTree = "<group>"; };
		2FE0F94B14F2DDF900278833 /* Area.h */ = {isa = PBXFileReference; fileEncoding = 4; lastKnownFileType = sourcecode.c.h; path = Area.h; sourceTree = "<group>"; };
		2FE0F94C14F2DDF900278833 /* Area.m */ = {isa = PBXFileReference; fileEncoding = 4; lastKnownFileType = sourcecode.c.objc; path = Area.m; sourceTree = "<group>"; };
		2FE0F94E14F2DDF900278833 /* Trail.h */ = {isa = PBXFileReference; fileEncoding = 4; lastKnownFileType = sourcecode.c.h; path = Trail.h; sourceTree = "<group>"; };
		2FE0F94F14F2DDF900278833 /* Trail.m */ = {isa = PBXFileReference; fileEncoding = 4; lastKnownFileType = sourcecode.c.objc; path = Trail.m; sourceTree = "<group>"; };
		2FE0F95114FD96C200278833 /* rating_dots_0.png */ = {isa = PBXFileReference; lastKnownFileType = image.png; path = rating_dots_0.png; sourceTree = "<group>"; };
		2FE0F95214FD96C200278833 /* rating_dots_1.png */ = {isa = PBXFileReference; lastKnownFileType = image.png; path = rating_dots_1.png; sourceTree = "<group>"; };
		2FE0F95314FD96C200278833 /* rating_dots_2.png */ = {isa = PBXFileReference; lastKnownFileType = image.png; path = rating_dots_2.png; sourceTree = "<group>"; };
		2FE0F95414FD96C200278833 /* rating_dots_3.png */ = {isa = PBXFileReference; lastKnownFileType = image.png; path = rating_dots_3.png; sourceTree = "<group>"; };
		2FE0F95514FD96C200278833 /* rating_dots_4.png */ = {isa = PBXFileReference; lastKnownFileType = image.png; path = rating_dots_4.png; sourceTree = "<group>"; };
		2FE0F95614FD96C200278833 /* rating_dots_5.png */ = {isa = PBXFileReference; lastKnownFileType = image.png; path = rating_dots_5.png; sourceTree = "<group>"; };
		2FF0029B1493E23400BF3668 /* SmartTrail.app */ = {isa = PBXFileReference; explicitFileType = wrapper.application; includeInIndex = 0; path = SmartTrail.app; sourceTree = BUILT_PRODUCTS_DIR; };
		2FF0029F1493E23400BF3668 /* UIKit.framework */ = {isa = PBXFileReference; lastKnownFileType = wrapper.framework; name = UIKit.framework; path = System/Library/Frameworks/UIKit.framework; sourceTree = SDKROOT; };
		2FF002A11493E23400BF3668 /* Foundation.framework */ = {isa = PBXFileReference; lastKnownFileType = wrapper.framework; name = Foundation.framework; path = System/Library/Frameworks/Foundation.framework; sourceTree = SDKROOT; };
		2FF002A31493E23400BF3668 /* CoreGraphics.framework */ = {isa = PBXFileReference; lastKnownFileType = wrapper.framework; name = CoreGraphics.framework; path = System/Library/Frameworks/CoreGraphics.framework; sourceTree = SDKROOT; };
		2FF002A71493E23400BF3668 /* SmartTrail-Info.plist */ = {isa = PBXFileReference; lastKnownFileType = text.plist.xml; path = "SmartTrail-Info.plist"; sourceTree = "<group>"; };
		2FF002A91493E23400BF3668 /* en */ = {isa = PBXFileReference; lastKnownFileType = text.plist.strings; name = en; path = en.lproj/InfoPlist.strings; sourceTree = "<group>"; };
		2FF002AB1493E23400BF3668 /* main.m */ = {isa = PBXFileReference; lastKnownFileType = sourcecode.c.objc; path = main.m; sourceTree = "<group>"; };
		2FF002AD1493E23400BF3668 /* SmartTrail-Prefix.pch */ = {isa = PBXFileReference; lastKnownFileType = sourcecode.c.h; path = "SmartTrail-Prefix.pch"; sourceTree = "<group>"; };
		2FF002AE1493E23400BF3668 /* AppDelegate.h */ = {isa = PBXFileReference; lastKnownFileType = sourcecode.c.h; path = AppDelegate.h; sourceTree = "<group>"; };
		2FF002AF1493E23400BF3668 /* AppDelegate.m */ = {isa = PBXFileReference; lastKnownFileType = sourcecode.c.objc; path = AppDelegate.m; sourceTree = "<group>"; };
		2FF002CA1493E23500BF3668 /* SmartTrailTests.octest */ = {isa = PBXFileReference; explicitFileType = wrapper.cfbundle; includeInIndex = 0; path = SmartTrailTests.octest; sourceTree = BUILT_PRODUCTS_DIR; };
		2FF002CB1493E23500BF3668 /* SenTestingKit.framework */ = {isa = PBXFileReference; lastKnownFileType = wrapper.framework; name = SenTestingKit.framework; path = Library/Frameworks/SenTestingKit.framework; sourceTree = DEVELOPER_DIR; };
		2FF002D31493E23500BF3668 /* SmartTrailTests-Info.plist */ = {isa = PBXFileReference; lastKnownFileType = text.plist.xml; path = "SmartTrailTests-Info.plist"; sourceTree = "<group>"; };
		2FF002D51493E23500BF3668 /* en */ = {isa = PBXFileReference; lastKnownFileType = text.plist.strings; name = en; path = en.lproj/InfoPlist.strings; sourceTree = "<group>"; };
		2FF002D71493E23500BF3668 /* SmartTrailTests.h */ = {isa = PBXFileReference; lastKnownFileType = sourcecode.c.h; path = SmartTrailTests.h; sourceTree = "<group>"; };
		2FF002D81493E23500BF3668 /* SmartTrailTests.m */ = {isa = PBXFileReference; lastKnownFileType = sourcecode.c.objc; path = SmartTrailTests.m; sourceTree = "<group>"; };
		2FF09D9D14EAF8F70050552B /* SmartTrail.xcdatamodel */ = {isa = PBXFileReference; lastKnownFileType = wrapper.xcdatamodel; path = SmartTrail.xcdatamodel; sourceTree = "<group>"; };
		2FF09DB714EB197C0050552B /* CoreData.framework */ = {isa = PBXFileReference; lastKnownFileType = wrapper.framework; name = CoreData.framework; path = System/Library/Frameworks/CoreData.framework; sourceTree = SDKROOT; };
		2FF09DB914EC15F00050552B /* MainStoryboard_iPhone.storyboard */ = {isa = PBXFileReference; fileEncoding = 4; lastKnownFileType = file.storyboard; path = MainStoryboard_iPhone.storyboard; sourceTree = "<group>"; };
		2FF09DBB14EC196B0050552B /* trail_icon_normal.png */ = {isa = PBXFileReference; lastKnownFileType = image.png; path = trail_icon_normal.png; sourceTree = "<group>"; };
		2FF09DBD14EC197E0050552B /* trail_icon_pressed.png */ = {isa = PBXFileReference; lastKnownFileType = image.png; path = trail_icon_pressed.png; sourceTree = "<group>"; };
		2FF09E7614EC3DC90050552B /* TrailsTableViewController.h */ = {isa = PBXFileReference; fileEncoding = 4; lastKnownFileType = sourcecode.c.h; path = TrailsTableViewController.h; sourceTree = "<group>"; };
		2FF09E7714EC3DCA0050552B /* TrailsTableViewController.m */ = {isa = PBXFileReference; fileEncoding = 4; lastKnownFileType = sourcecode.c.objc; path = TrailsTableViewController.m; sourceTree = "<group>"; };
/* End PBXFileReference section */

/* Begin PBXFrameworksBuildPhase section */
		2FF002981493E23400BF3668 /* Frameworks */ = {
			isa = PBXFrameworksBuildPhase;
			buildActionMask = 2147483647;
			files = (
				0356470D14A1065100208A47 /* SystemConfiguration.framework in Frameworks */,
				2FF002A01493E23400BF3668 /* UIKit.framework in Frameworks */,
				2FF002A21493E23400BF3668 /* Foundation.framework in Frameworks */,
				2FF002A41493E23400BF3668 /* CoreGraphics.framework in Frameworks */,
				2FF09DB814EB197C0050552B /* CoreData.framework in Frameworks */,
			);
			runOnlyForDeploymentPostprocessing = 0;
		};
		2FF002C61493E23500BF3668 /* Frameworks */ = {
			isa = PBXFrameworksBuildPhase;
			buildActionMask = 2147483647;
			files = (
				2FF002CC1493E23500BF3668 /* SenTestingKit.framework in Frameworks */,
				2FF002CD1493E23500BF3668 /* UIKit.framework in Frameworks */,
				2FF002CE1493E23500BF3668 /* Foundation.framework in Frameworks */,
			);
			runOnlyForDeploymentPostprocessing = 0;
		};
/* End PBXFrameworksBuildPhase section */

/* Begin PBXGroup section */
		0351098D14B211F200487B8B /* JSONParser */ = {
			isa = PBXGroup;
			children = (
				0351099214B212F600487B8B /* JSONKit.h */,
				0351099314B212F600487B8B /* JSONKit.m */,
			);
			name = JSONParser;
			sourceTree = "<group>";
		};
		2F2D148B14EEA9A600E982C5 /* Utilities */ = {
			isa = PBXGroup;
			children = (
				2F2D14A714EEAC9100E982C5 /* README.org */,
				2F2D148C14EEA9A700E982C5 /* CollectionUtils.h */,
				2F2D148D14EEA9A700E982C5 /* CollectionUtils.m */,
				2F2D148E14EEA9A700E982C5 /* CoreDataProvisions.h */,
				2F2D148F14EEA9A700E982C5 /* CoreDataUtils.h */,
				2F2D149014EEA9A700E982C5 /* CoreDataUtils.m */,
				2F2D149114EEA9A700E982C5 /* FetchedResults.h */,
				2F2D149214EEA9A700E982C5 /* FetchedResults.m */,
				2F2D149314EEA9A700E982C5 /* FetchedResultsTableDataSource.h */,
				2F2D149414EEA9A700E982C5 /* FetchedResultsTableDataSource.m */,
				2F2D149514EEA9A700E982C5 /* NSObject+Utils.h */,
				2F2D149614EEA9A700E982C5 /* NSObject+Utils.m */,
				2F2D149714EEA9A700E982C5 /* NSString+Utils.h */,
				2F2D149814EEA9A700E982C5 /* NSString+Utils.m */,
			);
			path = Utilities;
			sourceTree = SOURCE_ROOT;
		};
		2F2D14A014EEAC1500E982C5 /* Managed Objects */ = {
			isa = PBXGroup;
			children = (
				2F2D14A914EEB0FC00E982C5 /* README */,
				2FE0F94B14F2DDF900278833 /* Area.h */,
				2FE0F94E14F2DDF900278833 /* Trail.h */,
				2FE0F94F14F2DDF900278833 /* Trail.m */,
				2FE0F94C14F2DDF900278833 /* Area.m */,
			);
			path = "Managed Objects";
			sourceTree = "<group>";
		};
		2FF002901493E23400BF3668 = {
			isa = PBXGroup;
			children = (
				2FF09DB714EB197C0050552B /* CoreData.framework */,
				0351098D14B211F200487B8B /* JSONParser */,
				2F2D148B14EEA9A600E982C5 /* Utilities */,
				2FF002A51493E23400BF3668 /* SmartTrail */,
				2FF002D11493E23500BF3668 /* SmartTrailTests */,
				2FF0029E1493E23400BF3668 /* Frameworks */,
				2FF0029C1493E23400BF3668 /* Products */,
			);
			sourceTree = "<group>";
		};
		2FF0029C1493E23400BF3668 /* Products */ = {
			isa = PBXGroup;
			children = (
				2FF0029B1493E23400BF3668 /* SmartTrail.app */,
				2FF002CA1493E23500BF3668 /* SmartTrailTests.octest */,
			);
			name = Products;
			sourceTree = "<group>";
		};
		2FF0029E1493E23400BF3668 /* Frameworks */ = {
			isa = PBXGroup;
			children = (
				0356470C14A1065100208A47 /* SystemConfiguration.framework */,
				2FF0029F1493E23400BF3668 /* UIKit.framework */,
				2FF002A11493E23400BF3668 /* Foundation.framework */,
				2FF002A31493E23400BF3668 /* CoreGraphics.framework */,
				2FF002CB1493E23500BF3668 /* SenTestingKit.framework */,
			);
			name = Frameworks;
			sourceTree = "<group>";
		};
		2FF002A51493E23400BF3668 /* SmartTrail */ = {
			isa = PBXGroup;
			children = (
				2FF002A61493E23400BF3668 /* Supporting Files */,
				2FF09DB914EC15F00050552B /* MainStoryboard_iPhone.storyboard */,
				2FF09D9C14EAF8F70050552B /* SmartTrail.xcdatamodeld */,
				2FF002AE1493E23400BF3668 /* AppDelegate.h */,
				2FF002AF1493E23400BF3668 /* AppDelegate.m */,
				2FF09E7614EC3DC90050552B /* TrailsTableViewController.h */,
				2FF09E7714EC3DCA0050552B /* TrailsTableViewController.m */,
				2F2D148514EE007900E982C5 /* TrailDetailViewController.h */,
				2F2D148614EE007A00E982C5 /* TrailDetailViewController.m */,
				2F2D14A014EEAC1500E982C5 /* Managed Objects */,
				2F2D148814EE9D4C00E982C5 /* BMAController.h */,
				2F2D148914EE9D4C00E982C5 /* BMAController.m */,
				035D946914DF525E00C937E1 /* BMAAreaDescriptorWebClient.h */,
				035D946A14DF525E00C937E1 /* BMAAreaDescriptorWebClient.m */,
				0370D89E14DBA27800B8C37C /* BMAAreaDescriptorsWebClient.h */,
				0370D89F14DBA27800B8C37C /* BMAAreaDescriptorsWebClient.m */,
				0356470E14A106DA00208A47 /* BMANetworkUtilities.h */,
				0356470F14A106DA00208A47 /* BMANetworkUtilities.m */,
				0356471114A108E500208A47 /* BMAWebClient.h */,
				0356471214A108E500208A47 /* BMAWebClient.m */,
				0343F2D314E886F400B292E9 /* BMATrailDescriptorWebClient.h */,
				0343F2D414E886F400B292E9 /* BMATrailDescriptorWebClient.m */,
				0347C6BE14E2321D001ECC2B /* BMATrailsDescriptorWebClient.h */,
				0347C6BF14E2321D001ECC2B /* BMATrailsDescriptorWebClient.m */,
				0343F2DA14E8988900B292E9 /* BMAConditionsDescriptorWebClient.h */,
				0343F2DB14E8988900B292E9 /* BMAConditionsDescriptorWebClient.m */,
				0343F2E014E8BA1200B292E9 /* BMAEventDescriptor.h */,
				0343F2E114E8BA1300B292E9 /* BMAEventDescriptor.m */,
				0343F2E314E8BD6700B292E9 /* BMAEventsDescriptorWebClient.h */,
				0343F2E414E8BD6800B292E9 /* BMAEventsDescriptorWebClient.m */,
			);
			path = SmartTrail;
			sourceTree = "<group>";
		};
		2FF002A61493E23400BF3668 /* Supporting Files */ = {
			isa = PBXGroup;
			children = (
				2FF002A71493E23400BF3668 /* SmartTrail-Info.plist */,
				2FF002A81493E23400BF3668 /* InfoPlist.strings */,
				2FF002AB1493E23400BF3668 /* main.m */,
				2FF002AD1493E23400BF3668 /* SmartTrail-Prefix.pch */,
				2FE0F95114FD96C200278833 /* rating_dots_0.png */,
				2FE0F95214FD96C200278833 /* rating_dots_1.png */,
				2FE0F95314FD96C200278833 /* rating_dots_2.png */,
				2FE0F95414FD96C200278833 /* rating_dots_3.png */,
				2FE0F95514FD96C200278833 /* rating_dots_4.png */,
				2FE0F95614FD96C200278833 /* rating_dots_5.png */,
				2FF09DBB14EC196B0050552B /* trail_icon_normal.png */,
				2FF09DBD14EC197E0050552B /* trail_icon_pressed.png */,
			);
			name = "Supporting Files";
			sourceTree = "<group>";
		};
		2FF002D11493E23500BF3668 /* SmartTrailTests */ = {
			isa = PBXGroup;
			children = (
				2FF002D71493E23500BF3668 /* SmartTrailTests.h */,
				2FF002D81493E23500BF3668 /* SmartTrailTests.m */,
				2FF002D21493E23500BF3668 /* Supporting Files */,
			);
			path = SmartTrailTests;
			sourceTree = "<group>";
		};
		2FF002D21493E23500BF3668 /* Supporting Files */ = {
			isa = PBXGroup;
			children = (
				2FF002D31493E23500BF3668 /* SmartTrailTests-Info.plist */,
				2FF002D41493E23500BF3668 /* InfoPlist.strings */,
			);
			name = "Supporting Files";
			sourceTree = "<group>";
		};
/* End PBXGroup section */

/* Begin PBXNativeTarget section */
		2FF0029A1493E23400BF3668 /* SmartTrail */ = {
			isa = PBXNativeTarget;
			buildConfigurationList = 2FF002DC1493E23500BF3668 /* Build configuration list for PBXNativeTarget "SmartTrail" */;
			buildPhases = (
				2FF002971493E23400BF3668 /* Sources */,
				2FF002981493E23400BF3668 /* Frameworks */,
				2FF002991493E23400BF3668 /* Resources */,
			);
			buildRules = (
			);
			dependencies = (
			);
			name = SmartTrail;
			productName = SmartTrail;
			productReference = 2FF0029B1493E23400BF3668 /* SmartTrail.app */;
			productType = "com.apple.product-type.application";
		};
		2FF002C91493E23500BF3668 /* SmartTrailTests */ = {
			isa = PBXNativeTarget;
			buildConfigurationList = 2FF002DF1493E23500BF3668 /* Build configuration list for PBXNativeTarget "SmartTrailTests" */;
			buildPhases = (
				2FF002C51493E23500BF3668 /* Sources */,
				2FF002C61493E23500BF3668 /* Frameworks */,
				2FF002C71493E23500BF3668 /* Resources */,
				2FF002C81493E23500BF3668 /* ShellScript */,
			);
			buildRules = (
			);
			dependencies = (
				2FF002D01493E23500BF3668 /* PBXTargetDependency */,
			);
			name = SmartTrailTests;
			productName = SmartTrailTests;
			productReference = 2FF002CA1493E23500BF3668 /* SmartTrailTests.octest */;
			productType = "com.apple.product-type.bundle";
		};
/* End PBXNativeTarget section */

/* Begin PBXProject section */
		2FF002921493E23400BF3668 /* Project object */ = {
			isa = PBXProject;
			attributes = {
				LastUpgradeCheck = 0420;
			};
			buildConfigurationList = 2FF002951493E23400BF3668 /* Build configuration list for PBXProject "SmartTrail" */;
			compatibilityVersion = "Xcode 3.2";
			developmentRegion = English;
			hasScannedForEncodings = 0;
			knownRegions = (
				en,
			);
			mainGroup = 2FF002901493E23400BF3668;
			productRefGroup = 2FF0029C1493E23400BF3668 /* Products */;
			projectDirPath = "";
			projectRoot = "";
			targets = (
				2FF0029A1493E23400BF3668 /* SmartTrail */,
				2FF002C91493E23500BF3668 /* SmartTrailTests */,
			);
		};
/* End PBXProject section */

/* Begin PBXResourcesBuildPhase section */
		2FF002991493E23400BF3668 /* Resources */ = {
			isa = PBXResourcesBuildPhase;
			buildActionMask = 2147483647;
			files = (
				2FF002AA1493E23400BF3668 /* InfoPlist.strings in Resources */,
				2FF09DBA14EC15F10050552B /* MainStoryboard_iPhone.storyboard in Resources */,
				2FF09DBC14EC196C0050552B /* trail_icon_normal.png in Resources */,
				2FF09DBE14EC197E0050552B /* trail_icon_pressed.png in Resources */,
				2F2D14A814EEAC9100E982C5 /* README.org in Resources */,
				2F2D14AA14EEB0FC00E982C5 /* README in Resources */,
				2FE0F95714FD96C200278833 /* rating_dots_0.png in Resources */,
				2FE0F95814FD96C200278833 /* rating_dots_1.png in Resources */,
				2FE0F95914FD96C200278833 /* rating_dots_2.png in Resources */,
				2FE0F95A14FD96C200278833 /* rating_dots_3.png in Resources */,
				2FE0F95B14FD96C200278833 /* rating_dots_4.png in Resources */,
				2FE0F95C14FD96C200278833 /* rating_dots_5.png in Resources */,
			);
			runOnlyForDeploymentPostprocessing = 0;
		};
		2FF002C71493E23500BF3668 /* Resources */ = {
			isa = PBXResourcesBuildPhase;
			buildActionMask = 2147483647;
			files = (
				2FF002D61493E23500BF3668 /* InfoPlist.strings in Resources */,
			);
			runOnlyForDeploymentPostprocessing = 0;
		};
/* End PBXResourcesBuildPhase section */

/* Begin PBXShellScriptBuildPhase section */
		2FF002C81493E23500BF3668 /* ShellScript */ = {
			isa = PBXShellScriptBuildPhase;
			buildActionMask = 2147483647;
			files = (
			);
			inputPaths = (
			);
			outputPaths = (
			);
			runOnlyForDeploymentPostprocessing = 0;
			shellPath = /bin/sh;
			shellScript = "# Run the unit tests in this test bundle.\n\"${SYSTEM_DEVELOPER_DIR}/Tools/RunUnitTests\"\n";
		};
/* End PBXShellScriptBuildPhase section */

/* Begin PBXSourcesBuildPhase section */
		2FF002971493E23400BF3668 /* Sources */ = {
			isa = PBXSourcesBuildPhase;
			buildActionMask = 2147483647;
			files = (
				2FF002AC1493E23400BF3668 /* main.m in Sources */,
				2FF002B01493E23400BF3668 /* AppDelegate.m in Sources */,
				0356471014A106DA00208A47 /* BMANetworkUtilities.m in Sources */,
				0356471314A108E500208A47 /* BMAWebClient.m in Sources */,
				0351099414B212F600487B8B /* JSONKit.m in Sources */,
				0370D8A014DBA27800B8C37C /* BMAAreaDescriptorsWebClient.m in Sources */,
				035D946B14DF525E00C937E1 /* BMAAreaDescriptorWebClient.m in Sources */,
				0347C6C014E2321D001ECC2B /* BMATrailsDescriptorWebClient.m in Sources */,
				0343F2D514E886F400B292E9 /* BMATrailDescriptorWebClient.m in Sources */,
				0343F2DC14E8988A00B292E9 /* BMAConditionsDescriptorWebClient.m in Sources */,
				0343F2E214E8BA1300B292E9 /* BMAEventDescriptor.m in Sources */,
				0343F2E514E8BD6800B292E9 /* BMAEventsDescriptorWebClient.m in Sources */,
				2FF09D9E14EAF8F70050552B /* SmartTrail.xcdatamodeld in Sources */,
				2FF09E7814EC3DCA0050552B /* TrailsTableViewController.m in Sources */,
				2F2D148714EE007A00E982C5 /* TrailDetailViewController.m in Sources */,
				2F2D148A14EE9D4D00E982C5 /* BMAController.m in Sources */,
				2F2D149914EEA9A700E982C5 /* CollectionUtils.m in Sources */,
				2F2D149A14EEA9A700E982C5 /* CoreDataUtils.m in Sources */,
				2F2D149B14EEA9A700E982C5 /* FetchedResults.m in Sources */,
				2F2D149C14EEA9A700E982C5 /* FetchedResultsTableDataSource.m in Sources */,
				2F2D149D14EEA9A700E982C5 /* NSObject+Utils.m in Sources */,
				2F2D149E14EEA9A700E982C5 /* NSString+Utils.m in Sources */,
				2FE0F94D14F2DDF900278833 /* Area.m in Sources */,
				2FE0F95014F2DDF900278833 /* Trail.m in Sources */,
			);
			runOnlyForDeploymentPostprocessing = 0;
		};
		2FF002C51493E23500BF3668 /* Sources */ = {
			isa = PBXSourcesBuildPhase;
			buildActionMask = 2147483647;
			files = (
				2FF002D91493E23500BF3668 /* SmartTrailTests.m in Sources */,
			);
			runOnlyForDeploymentPostprocessing = 0;
		};
/* End PBXSourcesBuildPhase section */

/* Begin PBXTargetDependency section */
		2FF002D01493E23500BF3668 /* PBXTargetDependency */ = {
			isa = PBXTargetDependency;
			target = 2FF0029A1493E23400BF3668 /* SmartTrail */;
			targetProxy = 2FF002CF1493E23500BF3668 /* PBXContainerItemProxy */;
		};
/* End PBXTargetDependency section */

/* Begin PBXVariantGroup section */
		2FF002A81493E23400BF3668 /* InfoPlist.strings */ = {
			isa = PBXVariantGroup;
			children = (
				2FF002A91493E23400BF3668 /* en */,
			);
			name = InfoPlist.strings;
			sourceTree = "<group>";
		};
		2FF002D41493E23500BF3668 /* InfoPlist.strings */ = {
			isa = PBXVariantGroup;
			children = (
				2FF002D51493E23500BF3668 /* en */,
			);
			name = InfoPlist.strings;
			sourceTree = "<group>";
		};
/* End PBXVariantGroup section */

/* Begin XCBuildConfiguration section */
		2FF002DA1493E23500BF3668 /* Debug */ = {
			isa = XCBuildConfiguration;
			buildSettings = {
				ALWAYS_SEARCH_USER_PATHS = NO;
				ARCHS = "$(ARCHS_STANDARD_32_BIT)";
				CLANG_ENABLE_OBJC_ARC = NO;
				"CODE_SIGN_IDENTITY[sdk=iphoneos*]" = "iPhone Developer";
				COPY_PHASE_STRIP = NO;
				GCC_C_LANGUAGE_STANDARD = gnu99;
				GCC_DYNAMIC_NO_PIC = NO;
				GCC_OPTIMIZATION_LEVEL = 0;
				GCC_PREPROCESSOR_DEFINITIONS = (
					"DEBUG=1",
					"$(inherited)",
				);
				GCC_SYMBOLS_PRIVATE_EXTERN = NO;
				GCC_VERSION = com.apple.compilers.llvm.clang.1_0;
				GCC_WARN_ABOUT_MISSING_PROTOTYPES = YES;
				GCC_WARN_ABOUT_RETURN_TYPE = YES;
				GCC_WARN_UNUSED_VARIABLE = YES;
				IPHONEOS_DEPLOYMENT_TARGET = 5.0;
				SDKROOT = iphoneos;
				TARGETED_DEVICE_FAMILY = "1,2";
			};
			name = Debug;
		};
		2FF002DB1493E23500BF3668 /* Release */ = {
			isa = XCBuildConfiguration;
			buildSettings = {
				ALWAYS_SEARCH_USER_PATHS = NO;
				ARCHS = "$(ARCHS_STANDARD_32_BIT)";
				CLANG_ENABLE_OBJC_ARC = NO;
				"CODE_SIGN_IDENTITY[sdk=iphoneos*]" = "iPhone Developer";
				COPY_PHASE_STRIP = YES;
				GCC_C_LANGUAGE_STANDARD = gnu99;
				GCC_VERSION = com.apple.compilers.llvm.clang.1_0;
				GCC_WARN_ABOUT_MISSING_PROTOTYPES = YES;
				GCC_WARN_ABOUT_RETURN_TYPE = YES;
				GCC_WARN_UNUSED_VARIABLE = YES;
				IPHONEOS_DEPLOYMENT_TARGET = 5.0;
				OTHER_CFLAGS = "-DNS_BLOCK_ASSERTIONS=1";
				SDKROOT = iphoneos;
				TARGETED_DEVICE_FAMILY = "1,2";
				VALIDATE_PRODUCT = YES;
			};
			name = Release;
		};
		2FF002DD1493E23500BF3668 /* Debug */ = {
			isa = XCBuildConfiguration;
			buildSettings = {
				GCC_PRECOMPILE_PREFIX_HEADER = YES;
				GCC_PREFIX_HEADER = "SmartTrail/SmartTrail-Prefix.pch";
				INFOPLIST_FILE = "SmartTrail/SmartTrail-Info.plist";
				IPHONEOS_DEPLOYMENT_TARGET = 5.0;
				PRODUCT_NAME = "$(TARGET_NAME)";
				WRAPPER_EXTENSION = app;
			};
			name = Debug;
		};
		2FF002DE1493E23500BF3668 /* Release */ = {
			isa = XCBuildConfiguration;
			buildSettings = {
				GCC_PRECOMPILE_PREFIX_HEADER = YES;
				GCC_PREFIX_HEADER = "SmartTrail/SmartTrail-Prefix.pch";
				INFOPLIST_FILE = "SmartTrail/SmartTrail-Info.plist";
				IPHONEOS_DEPLOYMENT_TARGET = 5.0;
				PRODUCT_NAME = "$(TARGET_NAME)";
				WRAPPER_EXTENSION = app;
			};
			name = Release;
		};
		2FF002E01493E23500BF3668 /* Debug */ = {
			isa = XCBuildConfiguration;
			buildSettings = {
				BUNDLE_LOADER = "$(BUILT_PRODUCTS_DIR)/SmartTrail.app/SmartTrail";
				FRAMEWORK_SEARCH_PATHS = (
					"$(SDKROOT)/Developer/Library/Frameworks",
					"$(DEVELOPER_LIBRARY_DIR)/Frameworks",
				);
				GCC_PRECOMPILE_PREFIX_HEADER = YES;
				GCC_PREFIX_HEADER = "SmartTrail/SmartTrail-Prefix.pch";
				INFOPLIST_FILE = "SmartTrailTests/SmartTrailTests-Info.plist";
				PRODUCT_NAME = "$(TARGET_NAME)";
				TEST_HOST = "$(BUNDLE_LOADER)";
				WRAPPER_EXTENSION = octest;
			};
			name = Debug;
		};
		2FF002E11493E23500BF3668 /* Release */ = {
			isa = XCBuildConfiguration;
			buildSettings = {
				BUNDLE_LOADER = "$(BUILT_PRODUCTS_DIR)/SmartTrail.app/SmartTrail";
				FRAMEWORK_SEARCH_PATHS = (
					"$(SDKROOT)/Developer/Library/Frameworks",
					"$(DEVELOPER_LIBRARY_DIR)/Frameworks",
				);
				GCC_PRECOMPILE_PREFIX_HEADER = YES;
				GCC_PREFIX_HEADER = "SmartTrail/SmartTrail-Prefix.pch";
				INFOPLIST_FILE = "SmartTrailTests/SmartTrailTests-Info.plist";
				PRODUCT_NAME = "$(TARGET_NAME)";
				TEST_HOST = "$(BUNDLE_LOADER)";
				WRAPPER_EXTENSION = octest;
			};
			name = Release;
		};
/* End XCBuildConfiguration section */

/* Begin XCConfigurationList section */
		2FF002951493E23400BF3668 /* Build configuration list for PBXProject "SmartTrail" */ = {
			isa = XCConfigurationList;
			buildConfigurations = (
				2FF002DA1493E23500BF3668 /* Debug */,
				2FF002DB1493E23500BF3668 /* Release */,
			);
			defaultConfigurationIsVisible = 0;
			defaultConfigurationName = Release;
		};
		2FF002DC1493E23500BF3668 /* Build configuration list for PBXNativeTarget "SmartTrail" */ = {
			isa = XCConfigurationList;
			buildConfigurations = (
				2FF002DD1493E23500BF3668 /* Debug */,
				2FF002DE1493E23500BF3668 /* Release */,
			);
			defaultConfigurationIsVisible = 0;
			defaultConfigurationName = Release;
		};
		2FF002DF1493E23500BF3668 /* Build configuration list for PBXNativeTarget "SmartTrailTests" */ = {
			isa = XCConfigurationList;
			buildConfigurations = (
				2FF002E01493E23500BF3668 /* Debug */,
				2FF002E11493E23500BF3668 /* Release */,
			);
			defaultConfigurationIsVisible = 0;
			defaultConfigurationName = Release;
		};
/* End XCConfigurationList section */

/* Begin XCVersionGroup section */
		2FF09D9C14EAF8F70050552B /* SmartTrail.xcdatamodeld */ = {
			isa = XCVersionGroup;
			children = (
				2FF09D9D14EAF8F70050552B /* SmartTrail.xcdatamodel */,
			);
			currentVersion = 2FF09D9D14EAF8F70050552B /* SmartTrail.xcdatamodel */;
			path = SmartTrail.xcdatamodeld;
			sourceTree = "<group>";
			versionGroupType = wrapper.xcdatamodel;
		};
/* End XCVersionGroup section */
	};
	rootObject = 2FF002921493E23400BF3668 /* Project object */;
}
